
Microsoft Visual Studio Solution File, Format Version 12.00
# Visual Studio Version 17
VisualStudioVersion = 17.12.35707.178
MinimumVisualStudioVersion = 10.0.40219.1
Project("{FAE04EC0-301F-11D3-BF4B-00C04F79EFBC}") = "Credit_Book_System", "Credit_Book_System.csproj", "{C9E48B20-AC47-4865-BA99-F6AA2DC994E0}"
EndProject
Global
	GlobalSection(SolutionConfigurationPlatforms) = preSolution
		Debug|Any CPU = Debug|Any CPU
		Release|Any CPU = Release|Any CPU
	EndGlobalSection
	GlobalSection(ProjectConfigurationPlatforms) = postSolution
		{C9E48B20-AC47-4865-BA99-F6AA2DC994E0}.Debug|Any CPU.ActiveCfg = Debug|Any CPU
		{C9E48B20-AC47-4865-BA99-F6AA2DC994E0}.Debug|Any CPU.Build.0 = Debug|Any CPU
		{C9E48B20-AC47-4865-BA99-F6AA2DC994E0}.Release|Any CPU.ActiveCfg = Release|Any CPU
		{C9E48B20-AC47-4865-BA99-F6AA2DC994E0}.Release|Any CPU.Build.0 = Release|Any CPU
	EndGlobalSection
	GlobalSection(SolutionProperties) = preSolution
		HideSolutionNode = FALSE
	EndGlobalSection
EndGlobal
